<?xml version="1.0" encoding="utf-8"?>
<Project ToolsVersion="4.0" xmlns="http://schemas.microsoft.com/developer/msbuild/2003">
  <ItemGroup>
    <Filter Include="Root">
      <UniqueIdentifier>{f503c8b4-beb0-460a-9cee-9eaec2de1dd5}</UniqueIdentifier>
    </Filter>
    <Filter Include="Precompiled">
      <UniqueIdentifier>{ad13966d-ea9a-453e-b365-a91d3f97f674}</UniqueIdentifier>
    </Filter>
    <Filter Include="Version">
      <UniqueIdentifier>{16042c5d-80c7-4295-86c5-36dd71cd9e2c}</UniqueIdentifier>
    </Filter>
    <Filter Include="Window">
      <UniqueIdentifier>{fd0247ca-e540-4693-80ca-7979dc05e60b}</UniqueIdentifier>
    </Filter>
    <Filter Include="Config">
      <UniqueIdentifier>{a5d56f68-8f7b-44b0-a2fe-29b491e56b30}</UniqueIdentifier>
    </Filter>
    <Filter Include="Graphics">
      <UniqueIdentifier>{1445b91e-f462-485e-ba10-f01bf5a7a62d}</UniqueIdentifier>
    </Filter>
    <Filter Include="Timer">
      <UniqueIdentifier>{c7dc8ffa-112b-4f75-98a1-38b2e951d848}</UniqueIdentifier>
    </Filter>
    <Filter Include="Camera">
      <UniqueIdentifier>{fb0154d9-2c0d-499f-9278-5d4150af6fca}</UniqueIdentifier>
    </Filter>
    <Filter Include="Input">
      <UniqueIdentifier>{54fdfe68-058d-4f0c-b779-9d150bf82c87}</UniqueIdentifier>
    </Filter>
    <Filter Include="Textures">
      <UniqueIdentifier>{b841628b-979c-45fb-8d71-9d9873fff6dc}</UniqueIdentifier>
    </Filter>
    <Filter Include="Model">
      <UniqueIdentifier>{6ff101c5-bebe-42b6-9b34-fba312a96054}</UniqueIdentifier>
    </Filter>
    <Filter Include="Resources">
      <UniqueIdentifier>{a879dcc4-cfe2-4b58-bc38-a75e25821532}</UniqueIdentifier>
    </Filter>
    <Filter Include="Utils">
      <UniqueIdentifier>{b587ed21-1dd5-465b-a06b-cb5c77efb49a}</UniqueIdentifier>
    </Filter>
    <Filter Include="Skeleton">
      <UniqueIdentifier>{e25b3a60-64bd-405e-9c6e-74dec1fab531}</UniqueIdentifier>
    </Filter>
    <Filter Include="UI">
      <UniqueIdentifier>{352cc6ae-aafe-4dd8-b5fe-4977382c90d9}</UniqueIdentifier>
    </Filter>
    <Filter Include="Environment">
      <UniqueIdentifier>{38eb499a-3e3a-4369-8e4a-cd7ca81646b3}</UniqueIdentifier>
    </Filter>
    <Filter Include="Math">
      <UniqueIdentifier>{708273af-4e66-4498-9b69-68d035789674}</UniqueIdentifier>
    </Filter>
    <Filter Include="Caps">
      <UniqueIdentifier>{ef27b566-d744-4558-bde3-8732c3d1f3dd}</UniqueIdentifier>
    </Filter>
    <Filter Include="Renderer">
      <UniqueIdentifier>{e5f9bd23-375b-48a2-845c-eb4cabeab753}</UniqueIdentifier>
    </Filter>
    <Filter Include="Renderer\Model">
      <UniqueIdentifier>{b49ad887-3187-437a-a644-b7319d2fe74e}</UniqueIdentifier>
    </Filter>
    <Filter Include="Renderer\BoundingBox">
      <UniqueIdentifier>{c940c91f-b1ee-4586-aa47-3c079a5766eb}</UniqueIdentifier>
    </Filter>
    <Filter Include="Math\AABB">
      <UniqueIdentifier>{6a486adb-b07c-407c-8602-759ab770c4e5}</UniqueIdentifier>
    </Filter>
    <Filter Include="Environment\Entity">
      <UniqueIdentifier>{620d5ecf-0098-465a-9a2f-6b95dbbfebf1}</UniqueIdentifier>
    </Filter>
    <Filter Include="Scripting">
      <UniqueIdentifier>{616891ac-c30e-4f6f-920e-54da65798208}</UniqueIdentifier>
    </Filter>
    <Filter Include="Scripting\Addons">
      <UniqueIdentifier>{b780b256-5343-44fd-9640-3578d6205739}</UniqueIdentifier>
    </Filter>
    <Filter Include="Scripting\Addons\String">
      <UniqueIdentifier>{69ac2712-d25a-4f13-a6d7-1a7005bc9719}</UniqueIdentifier>
    </Filter>
    <Filter Include="Scripting\Addons\Math">
      <UniqueIdentifier>{044988bc-f217-4328-96cd-065fd5a42ef6}</UniqueIdentifier>
    </Filter>
    <Filter Include="Scripting\Addons\Array">
      <UniqueIdentifier>{6703a656-67ec-44ea-aca8-c900fe78bd4d}</UniqueIdentifier>
    </Filter>
    <Filter Include="Physics">
      <UniqueIdentifier>{eb3e30a1-abf0-4268-8148-aa2f8d9e8347}</UniqueIdentifier>
    </Filter>
    <Filter Include="Terrain">
      <UniqueIdentifier>{d49e4e2c-7ffe-483a-90c6-1c9977953bdc}</UniqueIdentifier>
    </Filter>
    <Filter Include="Environment\Particles">
      <UniqueIdentifier>{0d6808eb-89f7-49e8-aed9-19715a455497}</UniqueIdentifier>
    </Filter>
    <Filter Include="Environment\Particles\Templates">
      <UniqueIdentifier>{988acc02-5c57-4627-9099-f54f5726c6b7}</UniqueIdentifier>
    </Filter>
    <Filter Include="Environment\Particles\Templates\Entity">
      <UniqueIdentifier>{59290c2f-cb40-4517-bd95-7219a6c56d33}</UniqueIdentifier>
    </Filter>
    <Filter Include="Environment\Particles\Templates\Types">
      <UniqueIdentifier>{7ea7656c-9690-4a22-a1d8-575ed1dadef7}</UniqueIdentifier>
    </Filter>
    <Filter Include="Environment\Particles\Templates\Types\TrueFire">
      <UniqueIdentifier>{9ac258d9-9893-4738-b6f5-f92367e0bb68}</UniqueIdentifier>
    </Filter>
    <Filter Include="Environment\Particles\Templates\Types\TrueFire\V5">
      <UniqueIdentifier>{4d1c0e45-e2b4-4c39-aefa-78f19a037c7b}</UniqueIdentifier>
    </Filter>
    <Filter Include="Environment\Particles\Templates\Types\Bubble">
      <UniqueIdentifier>{ae6e97a9-f582-47cd-84d9-f20c29668fda}</UniqueIdentifier>
    </Filter>
    <Filter Include="Environment\Particles\Templates\Types\Bubble\V0">
      <UniqueIdentifier>{7bf05969-7dc1-419a-bbab-2960ce64f107}</UniqueIdentifier>
    </Filter>
    <Filter Include="Environment\Joints">
      <UniqueIdentifier>{f7d3f4b4-9814-48a7-81ca-2ecf13ad954b}</UniqueIdentifier>
    </Filter>
    <Filter Include="Environment\Joints\Templates">
      <UniqueIdentifier>{619e09ea-906a-4e30-8af9-ea79b7ccdcd8}</UniqueIdentifier>
    </Filter>
    <Filter Include="Environment\Joints\Templates\Entity">
      <UniqueIdentifier>{f01c4e11-9c0e-45d0-b1a9-ccdfa429eee8}</UniqueIdentifier>
    </Filter>
    <Filter Include="Environment\Joints\Templates\Types">
      <UniqueIdentifier>{8f318ba7-777c-4455-bad9-d0a373b45c53}</UniqueIdentifier>
    </Filter>
    <Filter Include="Threading">
      <UniqueIdentifier>{903d2deb-9bb7-4b9f-a0e3-f7af6f9d6d72}</UniqueIdentifier>
    </Filter>
    <Filter Include="Environment\Objects">
      <UniqueIdentifier>{e038458f-b599-41e7-8c6c-86ecbc46b16b}</UniqueIdentifier>
    </Filter>
    <Filter Include="Environment\Characters">
      <UniqueIdentifier>{199d463c-3b01-4453-995a-43b9ffee1819}</UniqueIdentifier>
    </Filter>
    <Filter Include="Items">
      <UniqueIdentifier>{0aa1f818-87d2-4d74-a89e-0dbe785b85b2}</UniqueIdentifier>
    </Filter>
    <Filter Include="Renders">
      <UniqueIdentifier>{de0b807a-8c10-4b6f-a943-30c727cfc12a}</UniqueIdentifier>
    </Filter>
    <Filter Include="Graphics\Resources">
      <UniqueIdentifier>{31e85a82-839c-454b-8879-f696c8100b62}</UniqueIdentifier>
    </Filter>
    <Filter Include="Graphics\Resources\Buffer">
      <UniqueIdentifier>{26ef7963-dd74-430d-9ae2-c3aa812dc29e}</UniqueIdentifier>
    </Filter>
    <Filter Include="Graphics\Resources\Texture">
      <UniqueIdentifier>{90804ab6-b602-4a9d-b5ad-69fd92a9dd34}</UniqueIdentifier>
    </Filter>
    <Filter Include="Graphics\Shaders">
      <UniqueIdentifier>{238dfe68-3239-4bc3-b8f9-aff1b786b443}</UniqueIdentifier>
    </Filter>
    <Filter Include="Graphics\Pipelines">
      <UniqueIdentifier>{8b8ad92f-fd44-4cb1-9106-da1be626aa9d}</UniqueIdentifier>
    </Filter>
    <Filter Include="Graphics\Layouts">
      <UniqueIdentifier>{2ae436cb-bf97-4216-a7af-892eb30346f9}</UniqueIdentifier>
    </Filter>
    <Filter Include="Graphics\Samplers">
      <UniqueIdentifier>{7dd5b32a-2b52-4d1c-b255-c221cc80f194}</UniqueIdentifier>
    </Filter>
    <Filter Include="Graphics\Renderer">
      <UniqueIdentifier>{ec333be7-ed51-4f74-852e-5b002fc036da}</UniqueIdentifier>
    </Filter>
    <Filter Include="Graphics\Renderer\Classifier">
      <UniqueIdentifier>{1ccfe428-5982-45f9-9a9f-05903f3a0012}</UniqueIdentifier>
    </Filter>
    <Filter Include="Graphics\Shadows">
      <UniqueIdentifier>{4e96e200-008b-4ebb-893b-c2a371857804}</UniqueIdentifier>
    </Filter>
    <Filter Include="UI\RenderDevice">
      <UniqueIdentifier>{6ea3c672-84e0-4fb7-9ced-11ebca2612ef}</UniqueIdentifier>
    </Filter>
    <Filter Include="UI\Texture">
      <UniqueIdentifier>{41fc2974-cd05-442c-be53-6483f2ff933f}</UniqueIdentifier>
    </Filter>
    <Filter Include="UI\RenderTarget">
      <UniqueIdentifier>{5e012fbf-7abb-445d-abec-e714e40108d6}</UniqueIdentifier>
    </Filter>
    <Filter Include="Navigation">
      <UniqueIdentifier>{f1f69de9-0ee3-47d4-99bb-52f39717ed51}</UniqueIdentifier>
    </Filter>
    <Filter Include="Navigation\Detour">
      <UniqueIdentifier>{8bd5757a-e9f3-40cf-9567-318891334455}</UniqueIdentifier>
    </Filter>
    <Filter Include="States">
      <UniqueIdentifier>{bf2d47ed-f01b-40fe-bfbe-6b4955d35b3a}</UniqueIdentifier>
    </Filter>
    <Filter Include="States\Render">
      <UniqueIdentifier>{114cf7a7-e2b7-402d-beba-5b78658068e8}</UniqueIdentifier>
    </Filter>
    <Filter Include="States\Global">
      <UniqueIdentifier>{fcd1e889-f053-4ec9-af7f-6e6ffa6a952f}</UniqueIdentifier>
    </Filter>
    <Filter Include="Environment\Controller">
      <UniqueIdentifier>{bb6cf302-ebaa-4a4d-9f41-3be1d61f65ce}</UniqueIdentifier>
    </Filter>
    <Filter Include="Animations">
      <UniqueIdentifier>{abec6bdc-e543-46a8-aa63-cd61236ead53}</UniqueIdentifier>
    </Filter>
    <Filter Include="Attachments">
      <UniqueIdentifier>{21f5f82c-a57e-43bf-ada2-f26193dade1a}</UniqueIdentifier>
    </Filter>
    <Filter Include="Characters">
      <UniqueIdentifier>{41bc3d93-6e76-453f-8b16-f8f22c2dea33}</UniqueIdentifier>
    </Filter>
    <Filter Include="Math\OBB">
      <UniqueIdentifier>{db6ea670-9a27-4ad6-af25-b3cec2d553c9}</UniqueIdentifier>
    </Filter>
    <Filter Include="Environment\Joints\Templates\Types\Thunder01">
      <UniqueIdentifier>{0911e42f-2699-4579-ae02-86d6c64c34ae}</UniqueIdentifier>
    </Filter>
    <Filter Include="Environment\Joints\Templates\Types\Thunder01\V7">
      <UniqueIdentifier>{acf76f1e-008b-4eba-a91f-f0e6879377c4}</UniqueIdentifier>
    </Filter>
    <Filter Include="Environment\Particles\Templates\Types\Smoke05">
      <UniqueIdentifier>{665ad470-c745-43a5-b707-d827d372bdf7}</UniqueIdentifier>
    </Filter>
    <Filter Include="Environment\Particles\Templates\Types\Smoke05\V0">
      <UniqueIdentifier>{b43d30c5-baf6-41e3-967b-e7934ed51687}</UniqueIdentifier>
    </Filter>
    <Filter Include="Environment\Particles\Templates\Types\Smoke05\V1">
      <UniqueIdentifier>{a6490af3-7bd4-4697-885c-b3e8b01c237d}</UniqueIdentifier>
    </Filter>
    <Filter Include="Environment\Particles\Templates\Types\Smoke01">
      <UniqueIdentifier>{3dfebd6b-5ea8-4a13-9a39-df9cf80c316b}</UniqueIdentifier>
    </Filter>
    <Filter Include="Environment\Particles\Templates\Types\Smoke01\V0">
      <UniqueIdentifier>{01264895-67cf-4972-81a5-2cf15b2efe4a}</UniqueIdentifier>
    </Filter>
    <Filter Include="Environment\Particles\Templates\Types\Effect">
      <UniqueIdentifier>{ff4a84e1-1f86-41d4-8611-0d4ba2bdcbb3}</UniqueIdentifier>
    </Filter>
    <Filter Include="Environment\Particles\Templates\Types\Effect\V0">
      <UniqueIdentifier>{bff51f26-b790-486b-bcf0-56d5532526e5}</UniqueIdentifier>
    </Filter>
    <Filter Include="Environment\Particles\Templates\Types\Effect\V1">
      <UniqueIdentifier>{10328605-85e3-4b31-a7da-2cca1c9fbb04}</UniqueIdentifier>
    </Filter>
    <Filter Include="Environment\Particles\Templates\Types\Effect\V2">
      <UniqueIdentifier>{23f1f004-06d8-46d9-a0d6-f50a58e333c9}</UniqueIdentifier>
    </Filter>
    <Filter Include="Environment\Particles\Templates\Types\Effect\V3">
      <UniqueIdentifier>{638299e9-4f09-4f85-ba3e-8e2ba86f23b2}</UniqueIdentifier>
    </Filter>
    <Filter Include="Environment\Particles\Templates\Types\Effect\V4">
      <UniqueIdentifier>{1fef7749-dae2-4e19-b840-472b56dd67e9}</UniqueIdentifier>
    </Filter>
    <Filter Include="Environment\Particles\Templates\Types\Effect\V5">
      <UniqueIdentifier>{66de4571-e909-4bf8-af8e-6fb74cfffe11}</UniqueIdentifier>
    </Filter>
    <Filter Include="Environment\Particles\Templates\Types\Effect\V6">
      <UniqueIdentifier>{35bd3311-a96a-46b2-9eda-9cc3e699788f}</UniqueIdentifier>
    </Filter>
    <Filter Include="Environment\Particles\Templates\Types\Effect\V7">
      <UniqueIdentifier>{91fb4059-30cd-4fc5-9889-a721a854fe04}</UniqueIdentifier>
    </Filter>
    <Filter Include="Environment\Particles\Templates\Types\Flower01">
      <UniqueIdentifier>{b7fb4b38-9e61-4613-8f3b-82af89789be0}</UniqueIdentifier>
    </Filter>
    <Filter Include="Environment\Particles\Templates\Types\Flower01\V0">
      <UniqueIdentifier>{7ec8901e-1b3e-4b62-9a13-9497f01bfab4}</UniqueIdentifier>
    </Filter>
    <Filter Include="Environment\Particles\Templates\Types\Flower02">
      <UniqueIdentifier>{e8fa976d-fbd3-41f8-b4a8-87e2bde4925f}</UniqueIdentifier>
    </Filter>
    <Filter Include="Environment\Particles\Templates\Types\Flower02\V0">
      <UniqueIdentifier>{310cd19b-b006-437c-ba95-21309b0d7738}</UniqueIdentifier>
    </Filter>
    <Filter Include="Environment\Particles\Templates\Types\Flower03">
      <UniqueIdentifier>{14069a02-19e6-42e3-9807-f8bfa2df34be}</UniqueIdentifier>
    </Filter>
    <Filter Include="Environment\Particles\Templates\Types\Flower03\V0">
      <UniqueIdentifier>{ad11c831-2619-48e0-a199-a87fac3c7655}</UniqueIdentifier>
    </Filter>
    <Filter Include="Environment\Particles\Templates\Types\Flower01\V1">
      <UniqueIdentifier>{cec8109f-6ebd-48fd-937d-f79c9e6b147d}</UniqueIdentifier>
    </Filter>
    <Filter Include="Environment\Particles\Templates\Types\Flower02\V1">
      <UniqueIdentifier>{3824090c-7968-44d4-8aa2-dc3e69fd887e}</UniqueIdentifier>
    </Filter>
    <Filter Include="Environment\Particles\Templates\Types\Flower03\V1">
      <UniqueIdentifier>{c07f52d6-816d-4358-bfbb-8efc9a9754cf}</UniqueIdentifier>
    </Filter>
    <Filter Include="Environment\Particles\Templates\Types\FlareBlue">
      <UniqueIdentifier>{e1aa8a84-06c7-48be-ba86-ee9f137bb899}</UniqueIdentifier>
    </Filter>
    <Filter Include="Environment\Particles\Templates\Types\FlareBlue\V0">
      <UniqueIdentifier>{0fc246de-a7b9-4483-9ac0-081464159164}</UniqueIdentifier>
    </Filter>
    <Filter Include="Environment\Particles\Templates\Types\FlareBlue\V1">
      <UniqueIdentifier>{41780f71-9627-4b54-9ce1-6550d8b9b017}</UniqueIdentifier>
    </Filter>
    <Filter Include="Environment\Particles\Templates\Types\Flare02">
      <UniqueIdentifier>{59f719ae-70e5-479e-8ed7-98fb9d8d9db3}</UniqueIdentifier>
    </Filter>
    <Filter Include="Environment\Particles\Templates\Types\Flare02\V0">
      <UniqueIdentifier>{7594ad7f-012f-4c81-84e3-99863a8e7de5}</UniqueIdentifier>
    </Filter>
    <Filter Include="Environment\Particles\Templates\Types\BlueBlur">
      <UniqueIdentifier>{2708b8d2-194a-4e33-8e03-9b550b06ccf4}</UniqueIdentifier>
    </Filter>
    <Filter Include="Environment\Particles\Templates\Types\BlueBlur\V0">
      <UniqueIdentifier>{a50b764f-edf4-47ec-a302-1f6e595f3568}</UniqueIdentifier>
    </Filter>
    <Filter Include="Environment\Particles\Templates\Types\BlueBlur\V1">
      <UniqueIdentifier>{ea3bc864-fdac-4318-9278-72fd23746f5b}</UniqueIdentifier>
    </Filter>
  </ItemGroup>
  <ItemGroup>
    <ClCompile Include="$(MSBuildThisFileDirectory)mu_root.cpp">
      <Filter>Root</Filter>
    </ClCompile>
    <ClCompile Include="$(MSBuildThisFileDirectory)mu_window.cpp">
      <Filter>Window</Filter>
    </ClCompile>
    <ClCompile Include="$(MSBuildThisFileDirectory)mu_config.cpp">
      <Filter>Config</Filter>
    </ClCompile>
    <ClCompile Include="$(MSBuildThisFileDirectory)mu_graphics.cpp">
      <Filter>Graphics</Filter>
    </ClCompile>
    <ClCompile Include="$(MSBuildThisFileDirectory)mu_timer.cpp">
      <Filter>Timer</Filter>
    </ClCompile>
    <ClCompile Include="$(MSBuildThisFileDirectory)mu_terrain.cpp">
      <Filter>Terrain</Filter>
    </ClCompile>
    <ClCompile Include="$(MSBuildThisFileDirectory)mu_camera.cpp">
      <Filter>Camera</Filter>
    </ClCompile>
    <ClCompile Include="$(MSBuildThisFileDirectory)mu_input.cpp">
      <Filter>Input</Filter>
    </ClCompile>
    <ClCompile Include="$(MSBuildThisFileDirectory)mu_textures.cpp">
      <Filter>Textures</Filter>
    </ClCompile>
    <ClCompile Include="$(MSBuildThisFileDirectory)mu_model.cpp">
      <Filter>Model</Filter>
    </ClCompile>
    <ClCompile Include="$(MSBuildThisFileDirectory)mu_resourcesmanager.cpp">
      <Filter>Resources</Filter>
    </ClCompile>
    <ClCompile Include="$(MSBuildThisFileDirectory)mu_skeletoninstance.cpp">
      <Filter>Skeleton</Filter>
    </ClCompile>
    <ClCompile Include="$(MSBuildThisFileDirectory)mu_skeletonmanager.cpp">
      <Filter>Skeleton</Filter>
    </ClCompile>
    <ClCompile Include="$(MSBuildThisFileDirectory)mu_environment_terrain.cpp">
      <Filter>Environment</Filter>
    </ClCompile>
    <ClCompile Include="$(MSBuildThisFileDirectory)mu_environment.cpp">
      <Filter>Environment</Filter>
    </ClCompile>
    <ClCompile Include="$(MSBuildThisFileDirectory)mu_crypt.cpp">
      <Filter>Utils</Filter>
    </ClCompile>
    <ClCompile Include="$(MSBuildThisFileDirectory)mu_capabilities.cpp">
      <Filter>Caps</Filter>
    </ClCompile>
    <ClCompile Include="$(MSBuildThisFileDirectory)mu_bboxrenderer.cpp">
      <Filter>Renderer\BoundingBox</Filter>
    </ClCompile>
    <ClCompile Include="$(MSBuildThisFileDirectory)mu_modelrenderer.cpp">
      <Filter>Renderer\Model</Filter>
    </ClCompile>
    <ClCompile Include="$(MSBuildThisFileDirectory)mu_angelscript.cpp">
      <Filter>Scripting</Filter>
    </ClCompile>
    <ClCompile Include="$(MSBuildThisFileDirectory)..\..\Dependencies\Installed\AngelScript\add_on\scriptstdstring\scriptstdstring.cpp">
      <Filter>Scripting\Addons\String</Filter>
    </ClCompile>
    <ClCompile Include="$(MSBuildThisFileDirectory)..\..\Dependencies\Installed\AngelScript\add_on\scriptstdstring\scriptstdstring_utils.cpp">
      <Filter>Scripting\Addons\String</Filter>
    </ClCompile>
    <ClCompile Include="$(MSBuildThisFileDirectory)..\..\Dependencies\Installed\AngelScript\add_on\scriptmath\scriptmath.cpp">
      <Filter>Scripting\Addons\Math</Filter>
    </ClCompile>
    <ClCompile Include="$(MSBuildThisFileDirectory)..\..\Dependencies\Installed\AngelScript\add_on\scriptarray\scriptarray.cpp">
      <Filter>Scripting\Addons\Array</Filter>
    </ClCompile>
    <ClCompile Include="$(MSBuildThisFileDirectory)ui_noesisgui.cpp">
      <Filter>UI</Filter>
    </ClCompile>
    <ClCompile Include="$(MSBuildThisFileDirectory)ui_noesisgui_consts.cpp">
      <Filter>UI</Filter>
    </ClCompile>
    <ClCompile Include="$(MSBuildThisFileDirectory)ui_noesisgui_fontprovider.cpp">
      <Filter>UI</Filter>
    </ClCompile>
    <ClCompile Include="$(MSBuildThisFileDirectory)ui_noesisgui_sdl.cpp">
      <Filter>UI</Filter>
    </ClCompile>
    <ClCompile Include="$(MSBuildThisFileDirectory)ui_noesisgui_stream.cpp">
      <Filter>UI</Filter>
    </ClCompile>
    <ClCompile Include="$(MSBuildThisFileDirectory)ui_noesisgui_textureprovider.cpp">
      <Filter>UI</Filter>
    </ClCompile>
    <ClCompile Include="$(MSBuildThisFileDirectory)ui_noesisgui_xamlprovider.cpp">
      <Filter>UI</Filter>
    </ClCompile>
    <ClCompile Include="$(MSBuildThisFileDirectory)mu_physics.cpp">
      <Filter>Physics</Filter>
    </ClCompile>
    <ClCompile Include="$(MSBuildThisFileDirectory)mu_environment_particles.cpp">
      <Filter>Environment\Particles</Filter>
    </ClCompile>
    <ClCompile Include="$(MSBuildThisFileDirectory)t_particle_truefire_red_v5.cpp">
      <Filter>Environment\Particles\Templates\Types\TrueFire\V5</Filter>
    </ClCompile>
    <ClCompile Include="$(MSBuildThisFileDirectory)t_particle_smoke01_v0.cpp">
      <Filter>Environment\Particles\Templates\Types\Smoke01\V0</Filter>
    </ClCompile>
    <ClCompile Include="$(MSBuildThisFileDirectory)t_particle_bubble_v0.cpp">
      <Filter>Environment\Particles\Templates\Types\Bubble\V0</Filter>
    </ClCompile>
    <ClCompile Include="$(MSBuildThisFileDirectory)mu_environment_joints.cpp">
      <Filter>Environment\Joints</Filter>
    </ClCompile>
    <ClCompile Include="$(MSBuildThisFileDirectory)t_joint_thunder01_v7.cpp">
      <Filter>Environment\Joints\Templates\Types\Thunder01\V7</Filter>
    </ClCompile>
    <ClCompile Include="$(MSBuildThisFileDirectory)mu_threadsmanager.cpp">
      <Filter>Threading</Filter>
    </ClCompile>
    <ClCompile Include="$(MSBuildThisFileDirectory)t_threading_helper.cpp">
      <Filter>Threading</Filter>
    </ClCompile>
    <ClCompile Include="$(MSBuildThisFileDirectory)mu_environment_objects.cpp">
      <Filter>Environment\Objects</Filter>
    </ClCompile>
    <ClCompile Include="$(MSBuildThisFileDirectory)mu_environment_characters.cpp">
      <Filter>Environment\Characters</Filter>
    </ClCompile>
    <ClCompile Include="$(MSBuildThisFileDirectory)t_joint_base.cpp">
      <Filter>Environment\Joints\Templates</Filter>
    </ClCompile>
    <ClCompile Include="$(MSBuildThisFileDirectory)t_particle_base.cpp">
      <Filter>Environment\Particles\Templates</Filter>
    </ClCompile>
    <ClCompile Include="$(MSBuildThisFileDirectory)res_items.cpp">
      <Filter>Items</Filter>
    </ClCompile>
    <ClCompile Include="$(MSBuildThisFileDirectory)res_renders.cpp">
      <Filter>Renders</Filter>
    </ClCompile>
    <ClCompile Include="$(MSBuildThisFileDirectory)mu_entity.cpp">
      <Filter>Environment\Entity</Filter>
    </ClCompile>
    <ClCompile Include="$(MSBuildThisFileDirectory)t_graphics.cpp">
      <Filter>Graphics</Filter>
    </ClCompile>
    <ClCompile Include="$(MSBuildThisFileDirectory)t_graphics_pipelines.cpp">
      <Filter>Graphics\Pipelines</Filter>
    </ClCompile>
    <ClCompile Include="$(MSBuildThisFileDirectory)t_graphics_pipelineresources.cpp">
      <Filter>Graphics\Pipelines</Filter>
    </ClCompile>
    <ClCompile Include="$(MSBuildThisFileDirectory)t_graphics_shader.cpp">
      <Filter>Graphics\Shaders</Filter>
    </ClCompile>
    <ClCompile Include="$(MSBuildThisFileDirectory)t_graphics_layouts.cpp">
      <Filter>Graphics\Layouts</Filter>
    </ClCompile>
    <ClCompile Include="$(MSBuildThisFileDirectory)t_graphics_samplers.cpp">
      <Filter>Graphics\Samplers</Filter>
    </ClCompile>
    <ClCompile Include="$(MSBuildThisFileDirectory)t_graphics_immutables.cpp">
      <Filter>Graphics\Samplers</Filter>
    </ClCompile>
    <ClCompile Include="$(MSBuildThisFileDirectory)t_graphics_rendermanager.cpp">
      <Filter>Graphics\Renderer</Filter>
    </ClCompile>
    <ClCompile Include="$(MSBuildThisFileDirectory)t_graphics_texture.cpp">
      <Filter>Graphics\Resources\Texture</Filter>
    </ClCompile>
    <ClCompile Include="$(MSBuildThisFileDirectory)t_graphics_resources.cpp">
      <Filter>Graphics\Resources</Filter>
    </ClCompile>
    <ClCompile Include="$(MSBuildThisFileDirectory)t_graphics_buffer.cpp">
      <Filter>Graphics\Resources\Buffer</Filter>
    </ClCompile>
    <ClCompile Include="$(MSBuildThisFileDirectory)t_graphics_shaderresources.cpp">
      <Filter>Graphics\Shaders</Filter>
    </ClCompile>
    <ClCompile Include="$(MSBuildThisFileDirectory)t_graphics_renderclassifier.cpp">
      <Filter>Graphics\Renderer\Classifier</Filter>
    </ClCompile>
    <ClCompile Include="$(MSBuildThisFileDirectory)t_graphics_pipelinestate.cpp">
      <Filter>Graphics\Pipelines</Filter>
    </ClCompile>
    <ClCompile Include="$(MSBuildThisFileDirectory)t_graphics_shadows.cpp">
      <Filter>Graphics\Shadows</Filter>
    </ClCompile>
    <ClCompile Include="$(MSBuildThisFileDirectory)ui_noesisgui_texture.cpp">
      <Filter>UI\Texture</Filter>
    </ClCompile>
    <ClCompile Include="$(MSBuildThisFileDirectory)ui_noesisgui_rendertarget.cpp">
      <Filter>UI\RenderTarget</Filter>
    </ClCompile>
    <ClCompile Include="$(MSBuildThisFileDirectory)ui_noesisgui_renderdevice.cpp">
      <Filter>UI\RenderDevice</Filter>
    </ClCompile>
    <ClCompile Include="$(MSBuildThisFileDirectory)t_graphics_resourceid.cpp">
      <Filter>Graphics</Filter>
    </ClCompile>
    <ClCompile Include="$(MSBuildThisFileDirectory)Detour\Source\DetourAlloc.cpp">
      <Filter>Navigation\Detour</Filter>
    </ClCompile>
    <ClCompile Include="$(MSBuildThisFileDirectory)Detour\Source\DetourAssert.cpp">
      <Filter>Navigation\Detour</Filter>
    </ClCompile>
    <ClCompile Include="$(MSBuildThisFileDirectory)Detour\Source\DetourCommon.cpp">
      <Filter>Navigation\Detour</Filter>
    </ClCompile>
    <ClCompile Include="$(MSBuildThisFileDirectory)Detour\Source\DetourNavMesh.cpp">
      <Filter>Navigation\Detour</Filter>
    </ClCompile>
    <ClCompile Include="$(MSBuildThisFileDirectory)Detour\Source\DetourNavMeshBuilder.cpp">
      <Filter>Navigation\Detour</Filter>
    </ClCompile>
    <ClCompile Include="$(MSBuildThisFileDirectory)Detour\Source\DetourNavMeshQuery.cpp">
      <Filter>Navigation\Detour</Filter>
    </ClCompile>
    <ClCompile Include="$(MSBuildThisFileDirectory)Detour\Source\DetourNode.cpp">
      <Filter>Navigation\Detour</Filter>
    </ClCompile>
    <ClCompile Include="$(MSBuildThisFileDirectory)mu_navigation.cpp">
      <Filter>Navigation</Filter>
    </ClCompile>
    <ClCompile Include="$(MSBuildThisFileDirectory)mu_renderstate.cpp">
      <Filter>States\Render</Filter>
    </ClCompile>
    <ClCompile Include="$(MSBuildThisFileDirectory)mu_state.cpp">
      <Filter>States\Global</Filter>
    </ClCompile>
    <ClCompile Include="$(MSBuildThisFileDirectory)mu_environment_controller.cpp">
      <Filter>Environment\Controller</Filter>
    </ClCompile>
    <ClCompile Include="$(MSBuildThisFileDirectory)t_character_move.cpp">
      <Filter>Environment\Characters</Filter>
    </ClCompile>
    <ClCompile Include="$(MSBuildThisFileDirectory)mu_animationsmanager.cpp">
      <Filter>Animations</Filter>
    </ClCompile>
    <ClCompile Include="$(MSBuildThisFileDirectory)mu_textureattachments.cpp">
      <Filter>Attachments</Filter>
    </ClCompile>
    <ClCompile Include="$(MSBuildThisFileDirectory)mu_charactersmanager.cpp">
      <Filter>Characters</Filter>
    </ClCompile>
    <ClCompile Include="$(MSBuildThisFileDirectory)t_terrain_cullingtree.cpp">
      <Filter>Terrain</Filter>
    </ClCompile>
    <ClCompile Include="$(MSBuildThisFileDirectory)mu_math_aabb.cpp">
      <Filter>Math\AABB</Filter>
    </ClCompile>
    <ClCompile Include="$(MSBuildThisFileDirectory)mu_math_obb.cpp">
      <Filter>Math\OBB</Filter>
    </ClCompile>
    <ClCompile Include="$(MSBuildThisFileDirectory)t_particle_smoke05_v0.cpp">
      <Filter>Environment\Particles\Templates\Types\Smoke05\V0</Filter>
    </ClCompile>
    <ClCompile Include="$(MSBuildThisFileDirectory)t_particle_smoke05_v1.cpp">
      <Filter>Environment\Particles\Templates\Types\Smoke05\V1</Filter>
    </ClCompile>
    <ClCompile Include="$(MSBuildThisFileDirectory)t_particle_effect_v0.cpp">
      <Filter>Environment\Particles\Templates\Types\Effect\V0</Filter>
    </ClCompile>
    <ClCompile Include="$(MSBuildThisFileDirectory)t_particle_effect_v1.cpp">
      <Filter>Environment\Particles\Templates\Types\Effect\V1</Filter>
    </ClCompile>
    <ClCompile Include="$(MSBuildThisFileDirectory)t_particle_effect_v2.cpp">
      <Filter>Environment\Particles\Templates\Types\Effect\V2</Filter>
    </ClCompile>
    <ClCompile Include="$(MSBuildThisFileDirectory)t_particle_effect_v3.cpp">
      <Filter>Environment\Particles\Templates\Types\Effect\V3</Filter>
    </ClCompile>
    <ClCompile Include="$(MSBuildThisFileDirectory)t_particle_effect_v4.cpp">
      <Filter>Environment\Particles\Templates\Types\Effect\V4</Filter>
    </ClCompile>
    <ClCompile Include="$(MSBuildThisFileDirectory)t_particle_effect_v5.cpp">
      <Filter>Environment\Particles\Templates\Types\Effect\V5</Filter>
    </ClCompile>
    <ClCompile Include="$(MSBuildThisFileDirectory)t_particle_effect_v6.cpp">
      <Filter>Environment\Particles\Templates\Types\Effect\V6</Filter>
    </ClCompile>
    <ClCompile Include="$(MSBuildThisFileDirectory)t_particle_effect_v7.cpp">
      <Filter>Environment\Particles\Templates\Types\Effect\V7</Filter>
    </ClCompile>
    <ClCompile Include="$(MSBuildThisFileDirectory)t_particle_flower01_v0.cpp">
      <Filter>Environment\Particles\Templates\Types\Flower01\V0</Filter>
    </ClCompile>
    <ClCompile Include="$(MSBuildThisFileDirectory)t_particle_flower02_v0.cpp">
      <Filter>Environment\Particles\Templates\Types\Flower02\V0</Filter>
    </ClCompile>
    <ClCompile Include="$(MSBuildThisFileDirectory)t_particle_flower03_v0.cpp">
      <Filter>Environment\Particles\Templates\Types\Flower03\V0</Filter>
    </ClCompile>
    <ClCompile Include="$(MSBuildThisFileDirectory)t_particle_flower01_v1.cpp">
      <Filter>Environment\Particles\Templates\Types\Flower01\V1</Filter>
    </ClCompile>
    <ClCompile Include="$(MSBuildThisFileDirectory)t_particle_flower02_v1.cpp">
      <Filter>Environment\Particles\Templates\Types\Flower02\V1</Filter>
    </ClCompile>
    <ClCompile Include="$(MSBuildThisFileDirectory)t_particle_flower03_v1.cpp">
      <Filter>Environment\Particles\Templates\Types\Flower03\V1</Filter>
    </ClCompile>
    <ClCompile Include="$(MSBuildThisFileDirectory)t_particle_flareblue_v0.cpp">
      <Filter>Environment\Particles\Templates\Types\FlareBlue\V0</Filter>
    </ClCompile>
    <ClCompile Include="$(MSBuildThisFileDirectory)t_particle_flareblue_v1.cpp">
      <Filter>Environment\Particles\Templates\Types\FlareBlue\V1</Filter>
    </ClCompile>
    <ClCompile Include="$(MSBuildThisFileDirectory)t_particle_flare02_v0.cpp">
      <Filter>Environment\Particles\Templates\Types\Flare02\V0</Filter>
    </ClCompile>
    <ClCompile Include="$(MSBuildThisFileDirectory)t_particle_blueblur_v0.cpp">
      <Filter>Environment\Particles\Templates\Types\BlueBlur\V0</Filter>
    </ClCompile>
    <ClCompile Include="$(MSBuildThisFileDirectory)t_particle_blueblur_v1.cpp">
      <Filter>Environment\Particles\Templates\Types\BlueBlur\V1</Filter>
    </ClCompile>
  </ItemGroup>
  <ItemGroup>
    <ClInclude Include="$(MSBuildThisFileDirectory)mu_root.h">
      <Filter>Root</Filter>
    </ClInclude>
    <ClInclude Include="$(MSBuildThisFileDirectory)mu_precompiled.h">
      <Filter>Precompiled</Filter>
    </ClInclude>
    <ClInclude Include="$(MSBuildThisFileDirectory)mu_version.h">
      <Filter>Version</Filter>
    </ClInclude>
    <ClInclude Include="$(MSBuildThisFileDirectory)mu_window.h">
      <Filter>Window</Filter>
    </ClInclude>
    <ClInclude Include="$(MSBuildThisFileDirectory)mu_config.h">
      <Filter>Config</Filter>
    </ClInclude>
    <ClInclude Include="$(MSBuildThisFileDirectory)mu_graphics.h">
      <Filter>Graphics</Filter>
    </ClInclude>
    <ClInclude Include="$(MSBuildThisFileDirectory)mu_timer.h">
      <Filter>Timer</Filter>
    </ClInclude>
    <ClInclude Include="$(MSBuildThisFileDirectory)mu_terrain.h">
      <Filter>Terrain</Filter>
    </ClInclude>
    <ClInclude Include="$(MSBuildThisFileDirectory)mu_camera.h">
      <Filter>Camera</Filter>
    </ClInclude>
    <ClInclude Include="$(MSBuildThisFileDirectory)mu_input.h">
      <Filter>Input</Filter>
    </ClInclude>
    <ClInclude Include="$(MSBuildThisFileDirectory)mu_textures.h">
      <Filter>Textures</Filter>
    </ClInclude>
    <ClInclude Include="$(MSBuildThisFileDirectory)mu_model.h">
      <Filter>Model</Filter>
    </ClInclude>
    <ClInclude Include="$(MSBuildThisFileDirectory)mu_resourcesmanager.h">
      <Filter>Resources</Filter>
    </ClInclude>
    <ClInclude Include="$(MSBuildThisFileDirectory)mu_resources.h">
      <Filter>Resources</Filter>
    </ClInclude>
    <ClInclude Include="$(MSBuildThisFileDirectory)mu_model_mesh.h">
      <Filter>Model</Filter>
    </ClInclude>
    <ClInclude Include="$(MSBuildThisFileDirectory)mu_model_skeleton.h">
      <Filter>Model</Filter>
    </ClInclude>
    <ClInclude Include="$(MSBuildThisFileDirectory)mu_crypt.h">
      <Filter>Utils</Filter>
    </ClInclude>
    <ClInclude Include="$(MSBuildThisFileDirectory)mu_skeletoninstance.h">
      <Filter>Skeleton</Filter>
    </ClInclude>
    <ClInclude Include="$(MSBuildThisFileDirectory)mu_skeletonmanager.h">
      <Filter>Skeleton</Filter>
    </ClInclude>
    <ClInclude Include="$(MSBuildThisFileDirectory)mu_environment.h">
      <Filter>Environment</Filter>
    </ClInclude>
    <ClInclude Include="$(MSBuildThisFileDirectory)mu_math.h">
      <Filter>Math</Filter>
    </ClInclude>
    <ClInclude Include="$(MSBuildThisFileDirectory)mu_capabilities.h">
      <Filter>Caps</Filter>
    </ClInclude>
    <ClInclude Include="$(MSBuildThisFileDirectory)mu_bboxrenderer.h">
      <Filter>Renderer\BoundingBox</Filter>
    </ClInclude>
    <ClInclude Include="$(MSBuildThisFileDirectory)mu_modelrenderer.h">
      <Filter>Renderer\Model</Filter>
    </ClInclude>
    <ClInclude Include="$(MSBuildThisFileDirectory)mu_rendererconfig.h">
      <Filter>Renderer</Filter>
    </ClInclude>
    <ClInclude Include="$(MSBuildThisFileDirectory)mu_math_aabb.h">
      <Filter>Math\AABB</Filter>
    </ClInclude>
    <ClInclude Include="$(MSBuildThisFileDirectory)mu_entity.h">
      <Filter>Environment\Entity</Filter>
    </ClInclude>
    <ClInclude Include="$(MSBuildThisFileDirectory)mu_entity_light.h">
      <Filter>Environment\Entity</Filter>
    </ClInclude>
    <ClInclude Include="$(MSBuildThisFileDirectory)mu_angelscript.h">
      <Filter>Scripting</Filter>
    </ClInclude>
    <ClInclude Include="$(MSBuildThisFileDirectory)..\..\Dependencies\Installed\AngelScript\add_on\scriptstdstring\scriptstdstring.h">
      <Filter>Scripting\Addons\String</Filter>
    </ClInclude>
    <ClInclude Include="$(MSBuildThisFileDirectory)..\..\Dependencies\Installed\AngelScript\add_on\scriptmath\scriptmath.h">
      <Filter>Scripting\Addons\Math</Filter>
    </ClInclude>
    <ClInclude Include="$(MSBuildThisFileDirectory)..\..\Dependencies\Installed\AngelScript\add_on\scriptarray\scriptarray.h">
      <Filter>Scripting\Addons\Array</Filter>
    </ClInclude>
    <ClInclude Include="$(MSBuildThisFileDirectory)ui_noesisgui.h">
      <Filter>UI</Filter>
    </ClInclude>
    <ClInclude Include="$(MSBuildThisFileDirectory)ui_noesisgui_consts.h">
      <Filter>UI</Filter>
    </ClInclude>
    <ClInclude Include="$(MSBuildThisFileDirectory)ui_noesisgui_fontprovider.h">
      <Filter>UI</Filter>
    </ClInclude>
    <ClInclude Include="$(MSBuildThisFileDirectory)ui_noesisgui_license.h">
      <Filter>UI</Filter>
    </ClInclude>
    <ClInclude Include="$(MSBuildThisFileDirectory)ui_noesisgui_sdl.h">
      <Filter>UI</Filter>
    </ClInclude>
    <ClInclude Include="$(MSBuildThisFileDirectory)ui_noesisgui_stream.h">
      <Filter>UI</Filter>
    </ClInclude>
    <ClInclude Include="$(MSBuildThisFileDirectory)ui_noesisgui_textureprovider.h">
      <Filter>UI</Filter>
    </ClInclude>
    <ClInclude Include="$(MSBuildThisFileDirectory)ui_noesisgui_xamlprovider.h">
      <Filter>UI</Filter>
    </ClInclude>
    <ClInclude Include="$(MSBuildThisFileDirectory)mu_physics.h">
      <Filter>Physics</Filter>
    </ClInclude>
    <ClInclude Include="$(MSBuildThisFileDirectory)mu_environment_particles.h">
      <Filter>Environment\Particles</Filter>
    </ClInclude>
    <ClInclude Include="$(MSBuildThisFileDirectory)t_particle_truefire_red_v5.h">
      <Filter>Environment\Particles\Templates\Types\TrueFire\V5</Filter>
    </ClInclude>
    <ClInclude Include="$(MSBuildThisFileDirectory)t_particle_base.h">
      <Filter>Environment\Particles\Templates</Filter>
    </ClInclude>
    <ClInclude Include="$(MSBuildThisFileDirectory)t_particle_macros.h">
      <Filter>Environment\Particles\Templates</Filter>
    </ClInclude>
    <ClInclude Include="$(MSBuildThisFileDirectory)t_particle_enum.h">
      <Filter>Environment\Particles\Templates</Filter>
    </ClInclude>
    <ClInclude Include="$(MSBuildThisFileDirectory)t_particle_entity.h">
      <Filter>Environment\Particles\Templates\Entity</Filter>
    </ClInclude>
    <ClInclude Include="$(MSBuildThisFileDirectory)t_particle_render.h">
      <Filter>Environment\Particles\Templates</Filter>
    </ClInclude>
    <ClInclude Include="$(MSBuildThisFileDirectory)t_particle_smoke01_v0.h">
      <Filter>Environment\Particles\Templates\Types\Smoke01\V0</Filter>
    </ClInclude>
    <ClInclude Include="$(MSBuildThisFileDirectory)t_particle_bubble_v0.h">
      <Filter>Environment\Particles\Templates\Types\Bubble\V0</Filter>
    </ClInclude>
    <ClInclude Include="$(MSBuildThisFileDirectory)t_particle_create.h">
      <Filter>Environment\Particles\Templates</Filter>
    </ClInclude>
    <ClInclude Include="$(MSBuildThisFileDirectory)t_joint_entity.h">
      <Filter>Environment\Joints\Templates\Entity</Filter>
    </ClInclude>
    <ClInclude Include="$(MSBuildThisFileDirectory)t_joint_base.h">
      <Filter>Environment\Joints\Templates</Filter>
    </ClInclude>
    <ClInclude Include="$(MSBuildThisFileDirectory)t_joint_enum.h">
      <Filter>Environment\Joints\Templates</Filter>
    </ClInclude>
    <ClInclude Include="$(MSBuildThisFileDirectory)t_joint_create.h">
      <Filter>Environment\Joints\Templates</Filter>
    </ClInclude>
    <ClInclude Include="$(MSBuildThisFileDirectory)t_joint_render.h">
      <Filter>Environment\Joints\Templates</Filter>
    </ClInclude>
    <ClInclude Include="$(MSBuildThisFileDirectory)mu_environment_joints.h">
      <Filter>Environment\Joints</Filter>
    </ClInclude>
    <ClInclude Include="$(MSBuildThisFileDirectory)t_joint_thunder01_v7.h">
      <Filter>Environment\Joints\Templates\Types\Thunder01\V7</Filter>
    </ClInclude>
    <ClInclude Include="$(MSBuildThisFileDirectory)t_joint_tails.h">
      <Filter>Environment\Joints\Templates</Filter>
    </ClInclude>
    <ClInclude Include="$(MSBuildThisFileDirectory)mu_threadsmanager.h">
      <Filter>Threading</Filter>
    </ClInclude>
    <ClInclude Include="$(MSBuildThisFileDirectory)t_threading_helper.h">
      <Filter>Threading</Filter>
    </ClInclude>
    <ClInclude Include="$(MSBuildThisFileDirectory)t_joint_config.h">
      <Filter>Environment\Joints\Templates</Filter>
    </ClInclude>
    <ClInclude Include="$(MSBuildThisFileDirectory)t_particle_config.h">
      <Filter>Environment\Particles\Templates</Filter>
    </ClInclude>
    <ClInclude Include="$(MSBuildThisFileDirectory)mu_environment_objects.h">
      <Filter>Environment\Objects</Filter>
    </ClInclude>
    <ClInclude Include="$(MSBuildThisFileDirectory)t_object_structs.h">
      <Filter>Environment\Objects</Filter>
    </ClInclude>
    <ClInclude Include="$(MSBuildThisFileDirectory)mu_environment_characters.h">
      <Filter>Environment\Characters</Filter>
    </ClInclude>
    <ClInclude Include="$(MSBuildThisFileDirectory)t_character_structs.h">
      <Filter>Environment\Characters</Filter>
    </ClInclude>
    <ClInclude Include="$(MSBuildThisFileDirectory)res_items.h">
      <Filter>Items</Filter>
    </ClInclude>
    <ClInclude Include="$(MSBuildThisFileDirectory)res_renders.h">
      <Filter>Renders</Filter>
    </ClInclude>
    <ClInclude Include="$(MSBuildThisFileDirectory)res_item.h">
      <Filter>Items</Filter>
    </ClInclude>
    <ClInclude Include="$(MSBuildThisFileDirectory)res_render.h">
      <Filter>Renders</Filter>
    </ClInclude>
    <ClInclude Include="$(MSBuildThisFileDirectory)t_graphics.h">
      <Filter>Graphics</Filter>
    </ClInclude>
    <ClInclude Include="$(MSBuildThisFileDirectory)t_graphics_pipelines.h">
      <Filter>Graphics\Pipelines</Filter>
    </ClInclude>
    <ClInclude Include="$(MSBuildThisFileDirectory)t_graphics_pipelineresources.h">
      <Filter>Graphics\Pipelines</Filter>
    </ClInclude>
    <ClInclude Include="$(MSBuildThisFileDirectory)t_graphics_shaderresources.h">
      <Filter>Graphics\Shaders</Filter>
    </ClInclude>
    <ClInclude Include="$(MSBuildThisFileDirectory)t_graphics_shader.h">
      <Filter>Graphics\Shaders</Filter>
    </ClInclude>
    <ClInclude Include="$(MSBuildThisFileDirectory)t_graphics_layouts.h">
      <Filter>Graphics\Layouts</Filter>
    </ClInclude>
    <ClInclude Include="$(MSBuildThisFileDirectory)t_graphics_samplers.h">
      <Filter>Graphics\Samplers</Filter>
    </ClInclude>
    <ClInclude Include="$(MSBuildThisFileDirectory)t_graphics_immutables.h">
      <Filter>Graphics\Samplers</Filter>
    </ClInclude>
    <ClInclude Include="$(MSBuildThisFileDirectory)t_graphics_rendermanager.h">
      <Filter>Graphics\Renderer</Filter>
    </ClInclude>
    <ClInclude Include="$(MSBuildThisFileDirectory)t_graphics_resources.h">
      <Filter>Graphics\Resources</Filter>
    </ClInclude>
    <ClInclude Include="$(MSBuildThisFileDirectory)t_graphics_texture.h">
      <Filter>Graphics\Resources\Texture</Filter>
    </ClInclude>
    <ClInclude Include="$(MSBuildThisFileDirectory)t_graphics_buffer.h">
      <Filter>Graphics\Resources\Buffer</Filter>
    </ClInclude>
    <ClInclude Include="$(MSBuildThisFileDirectory)mu_resizablequeue.h">
      <Filter>Utils</Filter>
    </ClInclude>
    <ClInclude Include="$(MSBuildThisFileDirectory)t_graphics_renderclassifier.h">
      <Filter>Graphics\Renderer\Classifier</Filter>
    </ClInclude>
    <ClInclude Include="$(MSBuildThisFileDirectory)t_graphics_rendersettings.h">
      <Filter>Graphics\Renderer</Filter>
    </ClInclude>
    <ClInclude Include="$(MSBuildThisFileDirectory)t_graphics_pipelinestate.h">
      <Filter>Graphics\Pipelines</Filter>
    </ClInclude>
    <ClInclude Include="$(MSBuildThisFileDirectory)t_graphics_shadows.h">
      <Filter>Graphics\Shadows</Filter>
    </ClInclude>
    <ClInclude Include="$(MSBuildThisFileDirectory)ui_noesisgui_texture.h">
      <Filter>UI\Texture</Filter>
    </ClInclude>
    <ClInclude Include="$(MSBuildThisFileDirectory)ui_noesisgui_rendertarget.h">
      <Filter>UI\RenderTarget</Filter>
    </ClInclude>
    <ClInclude Include="$(MSBuildThisFileDirectory)ui_noesisgui_renderdevice.h">
      <Filter>UI\RenderDevice</Filter>
    </ClInclude>
    <ClInclude Include="$(MSBuildThisFileDirectory)t_graphics_resourceid.h">
      <Filter>Graphics</Filter>
    </ClInclude>
    <ClInclude Include="$(MSBuildThisFileDirectory)Detour\Include\DetourAlloc.h">
      <Filter>Navigation\Detour</Filter>
    </ClInclude>
    <ClInclude Include="$(MSBuildThisFileDirectory)Detour\Include\DetourAssert.h">
      <Filter>Navigation\Detour</Filter>
    </ClInclude>
    <ClInclude Include="$(MSBuildThisFileDirectory)Detour\Include\DetourCommon.h">
      <Filter>Navigation\Detour</Filter>
    </ClInclude>
    <ClInclude Include="$(MSBuildThisFileDirectory)Detour\Include\DetourMath.h">
      <Filter>Navigation\Detour</Filter>
    </ClInclude>
    <ClInclude Include="$(MSBuildThisFileDirectory)Detour\Include\DetourNavMesh.h">
      <Filter>Navigation\Detour</Filter>
    </ClInclude>
    <ClInclude Include="$(MSBuildThisFileDirectory)Detour\Include\DetourNavMeshBuilder.h">
      <Filter>Navigation\Detour</Filter>
    </ClInclude>
    <ClInclude Include="$(MSBuildThisFileDirectory)Detour\Include\DetourNavMeshQuery.h">
      <Filter>Navigation\Detour</Filter>
    </ClInclude>
    <ClInclude Include="$(MSBuildThisFileDirectory)Detour\Include\DetourNode.h">
      <Filter>Navigation\Detour</Filter>
    </ClInclude>
    <ClInclude Include="$(MSBuildThisFileDirectory)Detour\Include\DetourStatus.h">
      <Filter>Navigation\Detour</Filter>
    </ClInclude>
    <ClInclude Include="$(MSBuildThisFileDirectory)mu_navigation.h">
      <Filter>Navigation</Filter>
    </ClInclude>
    <ClInclude Include="$(MSBuildThisFileDirectory)nav_path.h">
      <Filter>Navigation</Filter>
    </ClInclude>
    <ClInclude Include="$(MSBuildThisFileDirectory)nav_polys.h">
      <Filter>Navigation</Filter>
    </ClInclude>
    <ClInclude Include="$(MSBuildThisFileDirectory)mu_renderstate.h">
      <Filter>States\Render</Filter>
    </ClInclude>
    <ClInclude Include="$(MSBuildThisFileDirectory)mu_state.h">
      <Filter>States\Global</Filter>
    </ClInclude>
    <ClInclude Include="$(MSBuildThisFileDirectory)mu_environment_controller.h">
      <Filter>Environment\Controller</Filter>
    </ClInclude>
    <ClInclude Include="$(MSBuildThisFileDirectory)mu_animationsmanager.h">
      <Filter>Animations</Filter>
    </ClInclude>
    <ClInclude Include="$(MSBuildThisFileDirectory)ani_node.h">
      <Filter>Animations</Filter>
    </ClInclude>
    <ClInclude Include="$(MSBuildThisFileDirectory)ani_input.h">
      <Filter>Animations</Filter>
    </ClInclude>
    <ClInclude Include="$(MSBuildThisFileDirectory)t_model_enums.h">
      <Filter>Model</Filter>
    </ClInclude>
    <ClInclude Include="$(MSBuildThisFileDirectory)mu_textureattachments.h">
      <Filter>Attachments</Filter>
    </ClInclude>
    <ClInclude Include="$(MSBuildThisFileDirectory)t_textureattachments.h">
      <Filter>Attachments</Filter>
    </ClInclude>
    <ClInclude Include="$(MSBuildThisFileDirectory)mu_charactersmanager.h">
      <Filter>Characters</Filter>
    </ClInclude>
    <ClInclude Include="$(MSBuildThisFileDirectory)t_charactersmanager_structs.h">
      <Filter>Characters</Filter>
    </ClInclude>
    <ClInclude Include="$(MSBuildThisFileDirectory)t_terrain_cullingtree.h">
      <Filter>Terrain</Filter>
    </ClInclude>
    <ClInclude Include="$(MSBuildThisFileDirectory)t_terrain_consts.h">
      <Filter>Terrain</Filter>
    </ClInclude>
    <ClInclude Include="$(MSBuildThisFileDirectory)t_terrain_structs.h">
      <Filter>Terrain</Filter>
    </ClInclude>
    <ClInclude Include="$(MSBuildThisFileDirectory)mu_math_obb.h">
      <Filter>Math\OBB</Filter>
    </ClInclude>
    <ClInclude Include="$(MSBuildThisFileDirectory)t_particle_smoke05_v0.h">
      <Filter>Environment\Particles\Templates\Types\Smoke05\V0</Filter>
    </ClInclude>
    <ClInclude Include="$(MSBuildThisFileDirectory)t_particle_smoke05_v1.h">
      <Filter>Environment\Particles\Templates\Types\Smoke05\V1</Filter>
    </ClInclude>
    <ClInclude Include="$(MSBuildThisFileDirectory)t_particle_effect_v0.h">
      <Filter>Environment\Particles\Templates\Types\Effect\V0</Filter>
    </ClInclude>
    <ClInclude Include="$(MSBuildThisFileDirectory)t_particle_effect_v1.h">
      <Filter>Environment\Particles\Templates\Types\Effect\V1</Filter>
    </ClInclude>
    <ClInclude Include="$(MSBuildThisFileDirectory)t_particle_effect_v2.h">
      <Filter>Environment\Particles\Templates\Types\Effect\V2</Filter>
    </ClInclude>
    <ClInclude Include="$(MSBuildThisFileDirectory)t_particle_effect_v3.h">
      <Filter>Environment\Particles\Templates\Types\Effect\V3</Filter>
    </ClInclude>
    <ClInclude Include="$(MSBuildThisFileDirectory)t_particle_effect_v4.h">
      <Filter>Environment\Particles\Templates\Types\Effect\V4</Filter>
    </ClInclude>
    <ClInclude Include="$(MSBuildThisFileDirectory)t_particle_effect_v5.h">
      <Filter>Environment\Particles\Templates\Types\Effect\V5</Filter>
    </ClInclude>
    <ClInclude Include="$(MSBuildThisFileDirectory)t_particle_effect_v6.h">
      <Filter>Environment\Particles\Templates\Types\Effect\V6</Filter>
    </ClInclude>
    <ClInclude Include="$(MSBuildThisFileDirectory)t_particle_effect_v7.h">
      <Filter>Environment\Particles\Templates\Types\Effect\V7</Filter>
    </ClInclude>
    <ClInclude Include="$(MSBuildThisFileDirectory)t_particle_flower01_v0.h">
      <Filter>Environment\Particles\Templates\Types\Flower01\V0</Filter>
    </ClInclude>
    <ClInclude Include="$(MSBuildThisFileDirectory)t_particle_flower02_v0.h">
      <Filter>Environment\Particles\Templates\Types\Flower02\V0</Filter>
    </ClInclude>
    <ClInclude Include="$(MSBuildThisFileDirectory)t_particle_flower03_v0.h">
      <Filter>Environment\Particles\Templates\Types\Flower03\V0</Filter>
    </ClInclude>
    <ClInclude Include="$(MSBuildThisFileDirectory)t_particle_flower01_v1.h">
      <Filter>Environment\Particles\Templates\Types\Flower01\V1</Filter>
    </ClInclude>
    <ClInclude Include="$(MSBuildThisFileDirectory)t_particle_flower02_v1.h">
      <Filter>Environment\Particles\Templates\Types\Flower02\V1</Filter>
    </ClInclude>
    <ClInclude Include="$(MSBuildThisFileDirectory)t_particle_flower03_v1.h">
      <Filter>Environment\Particles\Templates\Types\Flower03\V1</Filter>
    </ClInclude>
    <ClInclude Include="$(MSBuildThisFileDirectory)t_particle_flareblue_v0.h">
      <Filter>Environment\Particles\Templates\Types\FlareBlue\V0</Filter>
    </ClInclude>
    <ClInclude Include="$(MSBuildThisFileDirectory)t_particle_flareblue_v1.h">
      <Filter>Environment\Particles\Templates\Types\FlareBlue\V1</Filter>
    </ClInclude>
    <ClInclude Include="$(MSBuildThisFileDirectory)t_particle_flare02_v0.h">
      <Filter>Environment\Particles\Templates\Types\Flare02\V0</Filter>
    </ClInclude>
    <ClInclude Include="$(MSBuildThisFileDirectory)t_particle_blueblur_v0.h">
      <Filter>Environment\Particles\Templates\Types\BlueBlur\V0</Filter>
    </ClInclude>
    <ClInclude Include="$(MSBuildThisFileDirectory)t_particle_blueblur_v1.h">
      <Filter>Environment\Particles\Templates\Types\BlueBlur\V1</Filter>
    </ClInclude>
  </ItemGroup>
</Project>