<?xml version="1.0" encoding="utf-8"?>
<Project ToolsVersion="4.0" xmlns="http://schemas.microsoft.com/developer/msbuild/2003">
  <ItemGroup>
    <Filter Include="Root">
      <UniqueIdentifier>{f503c8b4-beb0-460a-9cee-9eaec2de1dd5}</UniqueIdentifier>
    </Filter>
    <Filter Include="Precompiled">
      <UniqueIdentifier>{ad13966d-ea9a-453e-b365-a91d3f97f674}</UniqueIdentifier>
    </Filter>
    <Filter Include="Version">
      <UniqueIdentifier>{16042c5d-80c7-4295-86c5-36dd71cd9e2c}</UniqueIdentifier>
    </Filter>
    <Filter Include="Window">
      <UniqueIdentifier>{fd0247ca-e540-4693-80ca-7979dc05e60b}</UniqueIdentifier>
    </Filter>
    <Filter Include="Config">
      <UniqueIdentifier>{a5d56f68-8f7b-44b0-a2fe-29b491e56b30}</UniqueIdentifier>
    </Filter>
    <Filter Include="Graphics">
      <UniqueIdentifier>{1445b91e-f462-485e-ba10-f01bf5a7a62d}</UniqueIdentifier>
    </Filter>
    <Filter Include="Timer">
      <UniqueIdentifier>{c7dc8ffa-112b-4f75-98a1-38b2e951d848}</UniqueIdentifier>
    </Filter>
    <Filter Include="Camera">
      <UniqueIdentifier>{fb0154d9-2c0d-499f-9278-5d4150af6fca}</UniqueIdentifier>
    </Filter>
    <Filter Include="Input">
      <UniqueIdentifier>{54fdfe68-058d-4f0c-b779-9d150bf82c87}</UniqueIdentifier>
    </Filter>
    <Filter Include="Textures">
      <UniqueIdentifier>{b841628b-979c-45fb-8d71-9d9873fff6dc}</UniqueIdentifier>
    </Filter>
    <Filter Include="State">
      <UniqueIdentifier>{bf2d47ed-f01b-40fe-bfbe-6b4955d35b3a}</UniqueIdentifier>
    </Filter>
    <Filter Include="Model">
      <UniqueIdentifier>{6ff101c5-bebe-42b6-9b34-fba312a96054}</UniqueIdentifier>
    </Filter>
    <Filter Include="Resources">
      <UniqueIdentifier>{a879dcc4-cfe2-4b58-bc38-a75e25821532}</UniqueIdentifier>
    </Filter>
    <Filter Include="Utils">
      <UniqueIdentifier>{b587ed21-1dd5-465b-a06b-cb5c77efb49a}</UniqueIdentifier>
    </Filter>
    <Filter Include="Skeleton">
      <UniqueIdentifier>{e25b3a60-64bd-405e-9c6e-74dec1fab531}</UniqueIdentifier>
    </Filter>
    <Filter Include="UI">
      <UniqueIdentifier>{352cc6ae-aafe-4dd8-b5fe-4977382c90d9}</UniqueIdentifier>
    </Filter>
    <Filter Include="Texture">
      <UniqueIdentifier>{cbeb6f06-7f5e-453e-8f9e-23b022b1807c}</UniqueIdentifier>
    </Filter>
    <Filter Include="Environment">
      <UniqueIdentifier>{38eb499a-3e3a-4369-8e4a-cd7ca81646b3}</UniqueIdentifier>
    </Filter>
    <Filter Include="Math">
      <UniqueIdentifier>{708273af-4e66-4498-9b69-68d035789674}</UniqueIdentifier>
    </Filter>
    <Filter Include="Math\Frustum">
      <UniqueIdentifier>{f674ce35-2860-4304-b734-6fdbbca4e171}</UniqueIdentifier>
    </Filter>
    <Filter Include="Caps">
      <UniqueIdentifier>{ef27b566-d744-4558-bde3-8732c3d1f3dd}</UniqueIdentifier>
    </Filter>
    <Filter Include="Renderer">
      <UniqueIdentifier>{e5f9bd23-375b-48a2-845c-eb4cabeab753}</UniqueIdentifier>
    </Filter>
    <Filter Include="Renderer\Model">
      <UniqueIdentifier>{b49ad887-3187-437a-a644-b7319d2fe74e}</UniqueIdentifier>
    </Filter>
    <Filter Include="Renderer\BoundingBox">
      <UniqueIdentifier>{c940c91f-b1ee-4586-aa47-3c079a5766eb}</UniqueIdentifier>
    </Filter>
    <Filter Include="Math\AABB">
      <UniqueIdentifier>{6a486adb-b07c-407c-8602-759ab770c4e5}</UniqueIdentifier>
    </Filter>
    <Filter Include="Environment\Entity">
      <UniqueIdentifier>{620d5ecf-0098-465a-9a2f-6b95dbbfebf1}</UniqueIdentifier>
    </Filter>
    <Filter Include="Scripting">
      <UniqueIdentifier>{616891ac-c30e-4f6f-920e-54da65798208}</UniqueIdentifier>
    </Filter>
    <Filter Include="Scripting\Addons">
      <UniqueIdentifier>{b780b256-5343-44fd-9640-3578d6205739}</UniqueIdentifier>
    </Filter>
    <Filter Include="Scripting\Addons\String">
      <UniqueIdentifier>{69ac2712-d25a-4f13-a6d7-1a7005bc9719}</UniqueIdentifier>
    </Filter>
    <Filter Include="Scripting\Addons\Math">
      <UniqueIdentifier>{044988bc-f217-4328-96cd-065fd5a42ef6}</UniqueIdentifier>
    </Filter>
    <Filter Include="Scripting\Addons\Array">
      <UniqueIdentifier>{6703a656-67ec-44ea-aca8-c900fe78bd4d}</UniqueIdentifier>
    </Filter>
    <Filter Include="Physics">
      <UniqueIdentifier>{eb3e30a1-abf0-4268-8148-aa2f8d9e8347}</UniqueIdentifier>
    </Filter>
    <Filter Include="Terrain">
      <UniqueIdentifier>{d49e4e2c-7ffe-483a-90c6-1c9977953bdc}</UniqueIdentifier>
    </Filter>
    <Filter Include="Environment\Particles">
      <UniqueIdentifier>{0d6808eb-89f7-49e8-aed9-19715a455497}</UniqueIdentifier>
    </Filter>
    <Filter Include="Environment\Particles\Templates">
      <UniqueIdentifier>{988acc02-5c57-4627-9099-f54f5726c6b7}</UniqueIdentifier>
    </Filter>
    <Filter Include="Environment\Particles\Templates\Entity">
      <UniqueIdentifier>{59290c2f-cb40-4517-bd95-7219a6c56d33}</UniqueIdentifier>
    </Filter>
    <Filter Include="Environment\Particles\Templates\Types">
      <UniqueIdentifier>{7ea7656c-9690-4a22-a1d8-575ed1dadef7}</UniqueIdentifier>
    </Filter>
    <Filter Include="Environment\Particles\Templates\Types\TrueFire">
      <UniqueIdentifier>{9ac258d9-9893-4738-b6f5-f92367e0bb68}</UniqueIdentifier>
    </Filter>
    <Filter Include="Environment\Particles\Templates\Types\TrueFire\V5">
      <UniqueIdentifier>{4d1c0e45-e2b4-4c39-aefa-78f19a037c7b}</UniqueIdentifier>
    </Filter>
    <Filter Include="Environment\Particles\Templates\Types\Smoke">
      <UniqueIdentifier>{3dfebd6b-5ea8-4a13-9a39-df9cf80c316b}</UniqueIdentifier>
    </Filter>
    <Filter Include="Environment\Particles\Templates\Types\Smoke\V0">
      <UniqueIdentifier>{01264895-67cf-4972-81a5-2cf15b2efe4a}</UniqueIdentifier>
    </Filter>
    <Filter Include="Environment\Particles\Templates\Types\Bubble">
      <UniqueIdentifier>{ae6e97a9-f582-47cd-84d9-f20c29668fda}</UniqueIdentifier>
    </Filter>
    <Filter Include="Environment\Particles\Templates\Types\Bubble\V0">
      <UniqueIdentifier>{7bf05969-7dc1-419a-bbab-2960ce64f107}</UniqueIdentifier>
    </Filter>
    <Filter Include="Environment\Joints">
      <UniqueIdentifier>{f7d3f4b4-9814-48a7-81ca-2ecf13ad954b}</UniqueIdentifier>
    </Filter>
    <Filter Include="Environment\Joints\Templates">
      <UniqueIdentifier>{619e09ea-906a-4e30-8af9-ea79b7ccdcd8}</UniqueIdentifier>
    </Filter>
    <Filter Include="Environment\Joints\Templates\Entity">
      <UniqueIdentifier>{f01c4e11-9c0e-45d0-b1a9-ccdfa429eee8}</UniqueIdentifier>
    </Filter>
    <Filter Include="Environment\Joints\Templates\Types">
      <UniqueIdentifier>{8f318ba7-777c-4455-bad9-d0a373b45c53}</UniqueIdentifier>
    </Filter>
    <Filter Include="Environment\Joints\Templates\Types\Thunder1">
      <UniqueIdentifier>{0911e42f-2699-4579-ae02-86d6c64c34ae}</UniqueIdentifier>
    </Filter>
    <Filter Include="Environment\Joints\Templates\Types\Thunder1\V7">
      <UniqueIdentifier>{acf76f1e-008b-4eba-a91f-f0e6879377c4}</UniqueIdentifier>
    </Filter>
    <Filter Include="Threading">
      <UniqueIdentifier>{903d2deb-9bb7-4b9f-a0e3-f7af6f9d6d72}</UniqueIdentifier>
    </Filter>
  </ItemGroup>
  <ItemGroup>
    <ClCompile Include="$(MSBuildThisFileDirectory)mu_root.cpp">
      <Filter>Root</Filter>
    </ClCompile>
    <ClCompile Include="$(MSBuildThisFileDirectory)mu_window.cpp">
      <Filter>Window</Filter>
    </ClCompile>
    <ClCompile Include="$(MSBuildThisFileDirectory)mu_config.cpp">
      <Filter>Config</Filter>
    </ClCompile>
    <ClCompile Include="$(MSBuildThisFileDirectory)mu_graphics.cpp">
      <Filter>Graphics</Filter>
    </ClCompile>
    <ClCompile Include="$(MSBuildThisFileDirectory)mu_timer.cpp">
      <Filter>Timer</Filter>
    </ClCompile>
    <ClCompile Include="$(MSBuildThisFileDirectory)mu_terrain.cpp">
      <Filter>Terrain</Filter>
    </ClCompile>
    <ClCompile Include="$(MSBuildThisFileDirectory)mu_camera.cpp">
      <Filter>Camera</Filter>
    </ClCompile>
    <ClCompile Include="$(MSBuildThisFileDirectory)mu_input.cpp">
      <Filter>Input</Filter>
    </ClCompile>
    <ClCompile Include="$(MSBuildThisFileDirectory)mu_textures.cpp">
      <Filter>Textures</Filter>
    </ClCompile>
    <ClCompile Include="$(MSBuildThisFileDirectory)mu_state.cpp">
      <Filter>State</Filter>
    </ClCompile>
    <ClCompile Include="$(MSBuildThisFileDirectory)mu_model.cpp">
      <Filter>Model</Filter>
    </ClCompile>
    <ClCompile Include="$(MSBuildThisFileDirectory)mu_resourcesmanager.cpp">
      <Filter>Resources</Filter>
    </ClCompile>
    <ClCompile Include="$(MSBuildThisFileDirectory)mu_skeletoninstance.cpp">
      <Filter>Skeleton</Filter>
    </ClCompile>
    <ClCompile Include="$(MSBuildThisFileDirectory)mu_skeletonmanager.cpp">
      <Filter>Skeleton</Filter>
    </ClCompile>
    <ClCompile Include="$(MSBuildThisFileDirectory)mu_texture.cpp">
      <Filter>Texture</Filter>
    </ClCompile>
    <ClCompile Include="$(MSBuildThisFileDirectory)mu_renderstate.cpp">
      <Filter>State</Filter>
    </ClCompile>
    <ClCompile Include="$(MSBuildThisFileDirectory)mu_environment_object.cpp">
      <Filter>Environment</Filter>
    </ClCompile>
    <ClCompile Include="$(MSBuildThisFileDirectory)mu_environment_terrain.cpp">
      <Filter>Environment</Filter>
    </ClCompile>
    <ClCompile Include="$(MSBuildThisFileDirectory)mu_environment.cpp">
      <Filter>Environment</Filter>
    </ClCompile>
    <ClCompile Include="$(MSBuildThisFileDirectory)mu_crypt.cpp">
      <Filter>Utils</Filter>
    </ClCompile>
    <ClCompile Include="$(MSBuildThisFileDirectory)mu_math_frustum.cpp">
      <Filter>Math\Frustum</Filter>
    </ClCompile>
    <ClCompile Include="$(MSBuildThisFileDirectory)mu_capabilities.cpp">
      <Filter>Caps</Filter>
    </ClCompile>
    <ClCompile Include="$(MSBuildThisFileDirectory)mu_bboxrenderer.cpp">
      <Filter>Renderer\BoundingBox</Filter>
    </ClCompile>
    <ClCompile Include="$(MSBuildThisFileDirectory)mu_modelrenderer.cpp">
      <Filter>Renderer\Model</Filter>
    </ClCompile>
    <ClCompile Include="$(MSBuildThisFileDirectory)mu_angelscript.cpp">
      <Filter>Scripting</Filter>
    </ClCompile>
    <ClCompile Include="$(MSBuildThisFileDirectory)..\..\Dependencies\Installed\AngelScript\add_on\scriptstdstring\scriptstdstring.cpp">
      <Filter>Scripting\Addons\String</Filter>
    </ClCompile>
    <ClCompile Include="$(MSBuildThisFileDirectory)..\..\Dependencies\Installed\AngelScript\add_on\scriptstdstring\scriptstdstring_utils.cpp">
      <Filter>Scripting\Addons\String</Filter>
    </ClCompile>
    <ClCompile Include="$(MSBuildThisFileDirectory)..\..\Dependencies\Installed\AngelScript\add_on\scriptmath\scriptmath.cpp">
      <Filter>Scripting\Addons\Math</Filter>
    </ClCompile>
    <ClCompile Include="$(MSBuildThisFileDirectory)..\..\Dependencies\Installed\AngelScript\add_on\scriptarray\scriptarray.cpp">
      <Filter>Scripting\Addons\Array</Filter>
    </ClCompile>
    <ClCompile Include="$(MSBuildThisFileDirectory)ui_noesisgui.cpp">
      <Filter>UI</Filter>
    </ClCompile>
    <ClCompile Include="$(MSBuildThisFileDirectory)ui_noesisgui_bgfx.cpp">
      <Filter>UI</Filter>
    </ClCompile>
    <ClCompile Include="$(MSBuildThisFileDirectory)ui_noesisgui_bgfxrendertarget.cpp">
      <Filter>UI</Filter>
    </ClCompile>
    <ClCompile Include="$(MSBuildThisFileDirectory)ui_noesisgui_bgfxtexture.cpp">
      <Filter>UI</Filter>
    </ClCompile>
    <ClCompile Include="$(MSBuildThisFileDirectory)ui_noesisgui_consts.cpp">
      <Filter>UI</Filter>
    </ClCompile>
    <ClCompile Include="$(MSBuildThisFileDirectory)ui_noesisgui_fontprovider.cpp">
      <Filter>UI</Filter>
    </ClCompile>
    <ClCompile Include="$(MSBuildThisFileDirectory)ui_noesisgui_sdl.cpp">
      <Filter>UI</Filter>
    </ClCompile>
    <ClCompile Include="$(MSBuildThisFileDirectory)ui_noesisgui_stream.cpp">
      <Filter>UI</Filter>
    </ClCompile>
    <ClCompile Include="$(MSBuildThisFileDirectory)ui_noesisgui_textureprovider.cpp">
      <Filter>UI</Filter>
    </ClCompile>
    <ClCompile Include="$(MSBuildThisFileDirectory)ui_noesisgui_xamlprovider.cpp">
      <Filter>UI</Filter>
    </ClCompile>
    <ClCompile Include="$(MSBuildThisFileDirectory)mu_physics.cpp">
      <Filter>Physics</Filter>
    </ClCompile>
    <ClCompile Include="$(MSBuildThisFileDirectory)mu_environment_particles.cpp">
      <Filter>Environment\Particles</Filter>
    </ClCompile>
    <ClCompile Include="$(MSBuildThisFileDirectory)t_particle_truefire_v5.cpp">
      <Filter>Environment\Particles\Templates\Types\TrueFire\V5</Filter>
    </ClCompile>
    <ClCompile Include="$(MSBuildThisFileDirectory)t_particles.cpp">
      <Filter>Environment\Particles\Templates</Filter>
    </ClCompile>
    <ClCompile Include="$(MSBuildThisFileDirectory)t_particle_smoke_v0.cpp">
      <Filter>Environment\Particles\Templates\Types\Smoke\V0</Filter>
    </ClCompile>
    <ClCompile Include="$(MSBuildThisFileDirectory)t_particle_bubble_v0.cpp">
      <Filter>Environment\Particles\Templates\Types\Bubble\V0</Filter>
    </ClCompile>
    <ClCompile Include="$(MSBuildThisFileDirectory)t_joints.cpp">
      <Filter>Environment\Joints\Templates</Filter>
    </ClCompile>
    <ClCompile Include="$(MSBuildThisFileDirectory)mu_environment_joints.cpp">
      <Filter>Environment\Joints</Filter>
    </ClCompile>
    <ClCompile Include="$(MSBuildThisFileDirectory)t_joint_thunder1_v7.cpp">
      <Filter>Environment\Joints\Templates\Types\Thunder1\V7</Filter>
    </ClCompile>
    <ClCompile Include="$(MSBuildThisFileDirectory)mu_threadsmanager.cpp">
      <Filter>Threading</Filter>
    </ClCompile>
    <ClCompile Include="$(MSBuildThisFileDirectory)t_threading_helper.cpp">
      <Filter>Threading</Filter>
    </ClCompile>
  </ItemGroup>
  <ItemGroup>
    <ClInclude Include="$(MSBuildThisFileDirectory)mu_root.h">
      <Filter>Root</Filter>
    </ClInclude>
    <ClInclude Include="$(MSBuildThisFileDirectory)mu_precompiled.h">
      <Filter>Precompiled</Filter>
    </ClInclude>
    <ClInclude Include="$(MSBuildThisFileDirectory)mu_version.h">
      <Filter>Version</Filter>
    </ClInclude>
    <ClInclude Include="$(MSBuildThisFileDirectory)mu_window.h">
      <Filter>Window</Filter>
    </ClInclude>
    <ClInclude Include="$(MSBuildThisFileDirectory)mu_config.h">
      <Filter>Config</Filter>
    </ClInclude>
    <ClInclude Include="$(MSBuildThisFileDirectory)mu_graphics.h">
      <Filter>Graphics</Filter>
    </ClInclude>
    <ClInclude Include="$(MSBuildThisFileDirectory)mu_timer.h">
      <Filter>Timer</Filter>
    </ClInclude>
    <ClInclude Include="$(MSBuildThisFileDirectory)mu_terrain.h">
      <Filter>Terrain</Filter>
    </ClInclude>
    <ClInclude Include="$(MSBuildThisFileDirectory)mu_camera.h">
      <Filter>Camera</Filter>
    </ClInclude>
    <ClInclude Include="$(MSBuildThisFileDirectory)mu_input.h">
      <Filter>Input</Filter>
    </ClInclude>
    <ClInclude Include="$(MSBuildThisFileDirectory)mu_textures.h">
      <Filter>Textures</Filter>
    </ClInclude>
    <ClInclude Include="$(MSBuildThisFileDirectory)mu_state.h">
      <Filter>State</Filter>
    </ClInclude>
    <ClInclude Include="$(MSBuildThisFileDirectory)mu_model.h">
      <Filter>Model</Filter>
    </ClInclude>
    <ClInclude Include="$(MSBuildThisFileDirectory)mu_resourcesmanager.h">
      <Filter>Resources</Filter>
    </ClInclude>
    <ClInclude Include="$(MSBuildThisFileDirectory)mu_resources.h">
      <Filter>Resources</Filter>
    </ClInclude>
    <ClInclude Include="$(MSBuildThisFileDirectory)mu_model_mesh.h">
      <Filter>Model</Filter>
    </ClInclude>
    <ClInclude Include="$(MSBuildThisFileDirectory)mu_model_skeleton.h">
      <Filter>Model</Filter>
    </ClInclude>
    <ClInclude Include="$(MSBuildThisFileDirectory)mu_crypt.h">
      <Filter>Utils</Filter>
    </ClInclude>
    <ClInclude Include="$(MSBuildThisFileDirectory)mu_skeletoninstance.h">
      <Filter>Skeleton</Filter>
    </ClInclude>
    <ClInclude Include="$(MSBuildThisFileDirectory)mu_skeletonmanager.h">
      <Filter>Skeleton</Filter>
    </ClInclude>
    <ClInclude Include="$(MSBuildThisFileDirectory)mu_texture.h">
      <Filter>Texture</Filter>
    </ClInclude>
    <ClInclude Include="$(MSBuildThisFileDirectory)mu_renderstate.h">
      <Filter>State</Filter>
    </ClInclude>
    <ClInclude Include="$(MSBuildThisFileDirectory)mu_renderstate_enums.h">
      <Filter>State</Filter>
    </ClInclude>
    <ClInclude Include="$(MSBuildThisFileDirectory)mu_environment.h">
      <Filter>Environment</Filter>
    </ClInclude>
    <ClInclude Include="$(MSBuildThisFileDirectory)mu_environment_object.h">
      <Filter>Environment</Filter>
    </ClInclude>
    <ClInclude Include="$(MSBuildThisFileDirectory)mu_math_frustum.h">
      <Filter>Math\Frustum</Filter>
    </ClInclude>
    <ClInclude Include="$(MSBuildThisFileDirectory)mu_math.h">
      <Filter>Math</Filter>
    </ClInclude>
    <ClInclude Include="$(MSBuildThisFileDirectory)mu_capabilities.h">
      <Filter>Caps</Filter>
    </ClInclude>
    <ClInclude Include="$(MSBuildThisFileDirectory)mu_bboxrenderer.h">
      <Filter>Renderer\BoundingBox</Filter>
    </ClInclude>
    <ClInclude Include="$(MSBuildThisFileDirectory)mu_modelrenderer.h">
      <Filter>Renderer\Model</Filter>
    </ClInclude>
    <ClInclude Include="$(MSBuildThisFileDirectory)mu_rendererconfig.h">
      <Filter>Renderer</Filter>
    </ClInclude>
    <ClInclude Include="$(MSBuildThisFileDirectory)mu_math_aabb.h">
      <Filter>Math\AABB</Filter>
    </ClInclude>
    <ClInclude Include="$(MSBuildThisFileDirectory)mu_entity.h">
      <Filter>Environment\Entity</Filter>
    </ClInclude>
    <ClInclude Include="$(MSBuildThisFileDirectory)mu_entity_light.h">
      <Filter>Environment\Entity</Filter>
    </ClInclude>
    <ClInclude Include="$(MSBuildThisFileDirectory)mu_environment_character.cpp">
      <Filter>Environment</Filter>
    </ClInclude>
    <ClInclude Include="$(MSBuildThisFileDirectory)mu_environment_character.h">
      <Filter>Environment</Filter>
    </ClInclude>
    <ClInclude Include="$(MSBuildThisFileDirectory)mu_angelscript.h">
      <Filter>Scripting</Filter>
    </ClInclude>
    <ClInclude Include="$(MSBuildThisFileDirectory)..\..\Dependencies\Installed\AngelScript\add_on\scriptstdstring\scriptstdstring.h">
      <Filter>Scripting\Addons\String</Filter>
    </ClInclude>
    <ClInclude Include="$(MSBuildThisFileDirectory)..\..\Dependencies\Installed\AngelScript\add_on\scriptmath\scriptmath.h">
      <Filter>Scripting\Addons\Math</Filter>
    </ClInclude>
    <ClInclude Include="$(MSBuildThisFileDirectory)..\..\Dependencies\Installed\AngelScript\add_on\scriptarray\scriptarray.h">
      <Filter>Scripting\Addons\Array</Filter>
    </ClInclude>
    <ClInclude Include="$(MSBuildThisFileDirectory)ui_noesisgui.h">
      <Filter>UI</Filter>
    </ClInclude>
    <ClInclude Include="$(MSBuildThisFileDirectory)ui_noesisgui_bgfx.h">
      <Filter>UI</Filter>
    </ClInclude>
    <ClInclude Include="$(MSBuildThisFileDirectory)ui_noesisgui_bgfxrendertarget.h">
      <Filter>UI</Filter>
    </ClInclude>
    <ClInclude Include="$(MSBuildThisFileDirectory)ui_noesisgui_bgfxtexture.h">
      <Filter>UI</Filter>
    </ClInclude>
    <ClInclude Include="$(MSBuildThisFileDirectory)ui_noesisgui_consts.h">
      <Filter>UI</Filter>
    </ClInclude>
    <ClInclude Include="$(MSBuildThisFileDirectory)ui_noesisgui_fontprovider.h">
      <Filter>UI</Filter>
    </ClInclude>
    <ClInclude Include="$(MSBuildThisFileDirectory)ui_noesisgui_license.h">
      <Filter>UI</Filter>
    </ClInclude>
    <ClInclude Include="$(MSBuildThisFileDirectory)ui_noesisgui_sdl.h">
      <Filter>UI</Filter>
    </ClInclude>
    <ClInclude Include="$(MSBuildThisFileDirectory)ui_noesisgui_stream.h">
      <Filter>UI</Filter>
    </ClInclude>
    <ClInclude Include="$(MSBuildThisFileDirectory)ui_noesisgui_textureprovider.h">
      <Filter>UI</Filter>
    </ClInclude>
    <ClInclude Include="$(MSBuildThisFileDirectory)ui_noesisgui_xamlprovider.h">
      <Filter>UI</Filter>
    </ClInclude>
    <ClInclude Include="$(MSBuildThisFileDirectory)mu_physics.h">
      <Filter>Physics</Filter>
    </ClInclude>
    <ClInclude Include="$(MSBuildThisFileDirectory)mu_environment_particles.h">
      <Filter>Environment\Particles</Filter>
    </ClInclude>
    <ClInclude Include="$(MSBuildThisFileDirectory)t_particle_truefire_v5.h">
      <Filter>Environment\Particles\Templates\Types\TrueFire\V5</Filter>
    </ClInclude>
    <ClInclude Include="$(MSBuildThisFileDirectory)t_particle_base.h">
      <Filter>Environment\Particles\Templates</Filter>
    </ClInclude>
    <ClInclude Include="$(MSBuildThisFileDirectory)t_particles.h">
      <Filter>Environment\Particles\Templates</Filter>
    </ClInclude>
    <ClInclude Include="$(MSBuildThisFileDirectory)t_particle_macros.h">
      <Filter>Environment\Particles\Templates</Filter>
    </ClInclude>
    <ClInclude Include="$(MSBuildThisFileDirectory)t_particle_enum.h">
      <Filter>Environment\Particles\Templates</Filter>
    </ClInclude>
    <ClInclude Include="$(MSBuildThisFileDirectory)t_particle_entity.h">
      <Filter>Environment\Particles\Templates\Entity</Filter>
    </ClInclude>
    <ClInclude Include="$(MSBuildThisFileDirectory)t_particle_render.h">
      <Filter>Environment\Particles\Templates</Filter>
    </ClInclude>
    <ClInclude Include="$(MSBuildThisFileDirectory)t_particle_smoke_v0.h">
      <Filter>Environment\Particles\Templates\Types\Smoke\V0</Filter>
    </ClInclude>
    <ClInclude Include="$(MSBuildThisFileDirectory)t_particle_bubble_v0.h">
      <Filter>Environment\Particles\Templates\Types\Bubble\V0</Filter>
    </ClInclude>
    <ClInclude Include="$(MSBuildThisFileDirectory)t_particle_create.h">
      <Filter>Environment\Particles\Templates</Filter>
    </ClInclude>
    <ClInclude Include="$(MSBuildThisFileDirectory)t_joint_entity.h">
      <Filter>Environment\Joints\Templates\Entity</Filter>
    </ClInclude>
    <ClInclude Include="$(MSBuildThisFileDirectory)t_joint_base.h">
      <Filter>Environment\Joints\Templates</Filter>
    </ClInclude>
    <ClInclude Include="$(MSBuildThisFileDirectory)t_joint_enum.h">
      <Filter>Environment\Joints\Templates</Filter>
    </ClInclude>
    <ClInclude Include="$(MSBuildThisFileDirectory)t_joint_create.h">
      <Filter>Environment\Joints\Templates</Filter>
    </ClInclude>
    <ClInclude Include="$(MSBuildThisFileDirectory)t_joint_macros.h">
      <Filter>Environment\Joints\Templates</Filter>
    </ClInclude>
    <ClInclude Include="$(MSBuildThisFileDirectory)t_joint_render.h">
      <Filter>Environment\Joints\Templates</Filter>
    </ClInclude>
    <ClInclude Include="$(MSBuildThisFileDirectory)t_joints.h">
      <Filter>Environment\Joints\Templates</Filter>
    </ClInclude>
    <ClInclude Include="$(MSBuildThisFileDirectory)mu_environment_joints.h">
      <Filter>Environment\Joints</Filter>
    </ClInclude>
    <ClInclude Include="$(MSBuildThisFileDirectory)t_joint_thunder1_v7.h">
      <Filter>Environment\Joints\Templates\Types\Thunder1\V7</Filter>
    </ClInclude>
    <ClInclude Include="$(MSBuildThisFileDirectory)t_joint_tails.h">
      <Filter>Environment\Joints\Templates</Filter>
    </ClInclude>
    <ClInclude Include="$(MSBuildThisFileDirectory)mu_threadsmanager.h">
      <Filter>Threading</Filter>
    </ClInclude>
    <ClInclude Include="$(MSBuildThisFileDirectory)t_threading_helper.h">
      <Filter>Threading</Filter>
    </ClInclude>
    <ClInclude Include="$(MSBuildThisFileDirectory)t_joint_config.h">
      <Filter>Environment\Joints\Templates</Filter>
    </ClInclude>
    <ClInclude Include="$(MSBuildThisFileDirectory)t_particle_config.h">
      <Filter>Environment\Particles\Templates</Filter>
    </ClInclude>
  </ItemGroup>
</Project>